
Microsoft Visual Studio Solution File, Format Version 12.00
# Visual Studio 2012
VisualStudioVersion = 12.0.31101.0
MinimumVisualStudioVersion = 10.0.40219.1
Project("{FAE04EC0-301F-11D3-BF4B-00C04F79EFBC}") = "MainProgram", "MainProgram\MainProgram.csproj", "{7DD9570B-B0B6-414C-A5E5-ACB622A294B6}"
EndProject
Project("{FAE04EC0-301F-11D3-BF4B-00C04F79EFBC}") = "DataStructures", "DataStructures\DataStructures.csproj", "{464251A0-3667-42BA-A3D5-0581D65C442B}"
EndProject
Global
	GlobalSection(SolutionConfigurationPlatforms) = preSolution
		Debug|Any CPU = Debug|Any CPU
		Release|Any CPU = Release|Any CPU
	EndGlobalSection
	GlobalSection(ProjectConfigurationPlatforms) = postSolution
		{464251A0-3667-42BA-A3D5-0581D65C442B}.Debug|Any CPU.ActiveCfg = Debug|Any CPU
		{464251A0-3667-42BA-A3D5-0581D65C442B}.Debug|Any CPU.Build.0 = Debug|Any CPU
		{464251A0-3667-42BA-A3D5-0581D65C442B}.Release|Any CPU.ActiveCfg = Release|Any CPU
		{464251A0-3667-42BA-A3D5-0581D65C442B}.Release|Any CPU.Build.0 = Release|Any CPU
		{7DD9570B-B0B6-414C-A5E5-ACB622A294B6}.Debug|Any CPU.ActiveCfg = Debug|Any CPU
		{7DD9570B-B0B6-414C-A5E5-ACB622A294B6}.Debug|Any CPU.Build.0 = Debug|Any CPU
		{7DD9570B-B0B6-414C-A5E5-ACB622A294B6}.Release|Any CPU.ActiveCfg = Release|Any CPU
		{7DD9570B-B0B6-414C-A5E5-ACB622A294B6}.Release|Any CPU.Build.0 = Release|Any CPU
	EndGlobalSection
	GlobalSection(SolutionProperties) = preSolution
		HideSolutionNode = FALSE
	EndGlobalSection
EndGlobal
