
Microsoft Visual Studio Solution File, Format Version 12.00
# Visual Studio 15
VisualStudioVersion = 15.0.26430.6
MinimumVisualStudioVersion = 10.0.40219.1
Project("{FAE04EC0-301F-11D3-BF4B-00C04F79EFBC}") = "DataStructures", "DataStructures\DataStructures.csproj", "{A5923854-69FB-4BD0-90E3-702E1D488AFC}"
EndProject
Project("{FAE04EC0-301F-11D3-BF4B-00C04F79EFBC}") = "Algorithms", "Algorithms\Algorithms.csproj", "{7CE43796-3845-4F4D-9A8D-C09B8552F42E}"
EndProject
Project("{FAE04EC0-301F-11D3-BF4B-00C04F79EFBC}") = "UnitTest", "UnitTest\UnitTest.csproj", "{2C60C7D1-3FAD-44B7-903B-0B89D84647A2}"
EndProject
Global
	GlobalSection(SolutionConfigurationPlatforms) = preSolution
		Debug|Any CPU = Debug|Any CPU
		Release|Any CPU = Release|Any CPU
	EndGlobalSection
	GlobalSection(ProjectConfigurationPlatforms) = postSolution
		{A5923854-69FB-4BD0-90E3-702E1D488AFC}.Debug|Any CPU.ActiveCfg = Debug|Any CPU
		{A5923854-69FB-4BD0-90E3-702E1D488AFC}.Debug|Any CPU.Build.0 = Debug|Any CPU
		{A5923854-69FB-4BD0-90E3-702E1D488AFC}.Release|Any CPU.ActiveCfg = Release|Any CPU
		{A5923854-69FB-4BD0-90E3-702E1D488AFC}.Release|Any CPU.Build.0 = Release|Any CPU
		{7CE43796-3845-4F4D-9A8D-C09B8552F42E}.Debug|Any CPU.ActiveCfg = Debug|Any CPU
		{7CE43796-3845-4F4D-9A8D-C09B8552F42E}.Debug|Any CPU.Build.0 = Debug|Any CPU
		{7CE43796-3845-4F4D-9A8D-C09B8552F42E}.Release|Any CPU.ActiveCfg = Release|Any CPU
		{7CE43796-3845-4F4D-9A8D-C09B8552F42E}.Release|Any CPU.Build.0 = Release|Any CPU
		{2C60C7D1-3FAD-44B7-903B-0B89D84647A2}.Debug|Any CPU.ActiveCfg = Debug|Any CPU
		{2C60C7D1-3FAD-44B7-903B-0B89D84647A2}.Debug|Any CPU.Build.0 = Debug|Any CPU
		{2C60C7D1-3FAD-44B7-903B-0B89D84647A2}.Release|Any CPU.ActiveCfg = Release|Any CPU
		{2C60C7D1-3FAD-44B7-903B-0B89D84647A2}.Release|Any CPU.Build.0 = Release|Any CPU
	EndGlobalSection
	GlobalSection(SolutionProperties) = preSolution
		HideSolutionNode = FALSE
	EndGlobalSection
	GlobalSection(MonoDevelopProperties) = preSolution
		Policies = $0
		$0.TextStylePolicy = $1
		$1.inheritsSet = VisualStudio
		$1.inheritsScope = text/plain
		$1.scope = text/x-csharp
		$0.CSharpFormattingPolicy = $2
		$2.IndentSwitchBody = True
		$2.IndentBlocksInsideExpressions = True
		$2.AnonymousMethodBraceStyle = NextLine
		$2.PropertyBraceStyle = NextLine
		$2.PropertyGetBraceStyle = NextLine
		$2.PropertySetBraceStyle = NextLine
		$2.EventBraceStyle = NextLine
		$2.EventAddBraceStyle = NextLine
		$2.EventRemoveBraceStyle = NextLine
		$2.StatementBraceStyle = NextLine
		$2.ElseNewLinePlacement = NewLine
		$2.CatchNewLinePlacement = NewLine
		$2.FinallyNewLinePlacement = NewLine
		$2.WhileNewLinePlacement = DoNotCare
		$2.ArrayInitializerWrapping = DoNotChange
		$2.ArrayInitializerBraceStyle = NextLine
		$2.BeforeMethodDeclarationParentheses = False
		$2.BeforeMethodCallParentheses = False
		$2.BeforeConstructorDeclarationParentheses = False
		$2.NewLineBeforeConstructorInitializerColon = NewLine
		$2.NewLineAfterConstructorInitializerColon = SameLine
		$2.BeforeDelegateDeclarationParentheses = False
		$2.NewParentheses = False
		$2.SpacesBeforeBrackets = False
		$2.inheritsSet = Mono
		$2.inheritsScope = text/x-csharp
		$2.scope = text/x-csharp
	EndGlobalSection
	GlobalSection(CodealikeProperties) = postSolution
		SolutionGuid = f7178bdb-e6ee-479b-8876-5fd96edf50a4
	EndGlobalSection
EndGlobal
